
Microsoft Visual Studio Solution File, Format Version 11.00
# Visual Studio 2010
Project("{FAE04EC0-301F-11D3-BF4B-00C04F79EFBC}") = "DirectoryDepartments", "DirectoryDepartments.csproj", "{2F9B2097-92D1-49F4-B95F-5ABE1A7AE9FF}"
EndProject
Global
	GlobalSection(SolutionConfigurationPlatforms) = preSolution
		Debug|Any CPU = Debug|Any CPU
		Release|Any CPU = Release|Any CPU
	EndGlobalSection
	GlobalSection(ProjectConfigurationPlatforms) = postSolution
		{2F9B2097-92D1-49F4-B95F-5ABE1A7AE9FF}.Debug|Any CPU.ActiveCfg = Debug|Any CPU
		{2F9B2097-92D1-49F4-B95F-5ABE1A7AE9FF}.Debug|Any CPU.Build.0 = Debug|Any CPU
		{2F9B2097-92D1-49F4-B95F-5ABE1A7AE9FF}.Release|Any CPU.ActiveCfg = Release|Any CPU
		{2F9B2097-92D1-49F4-B95F-5ABE1A7AE9FF}.Release|Any CPU.Build.0 = Release|Any CPU
	EndGlobalSection
	GlobalSection(SolutionProperties) = preSolution
		HideSolutionNode = FALSE
	EndGlobalSection
EndGlobal
